
Microsoft Visual Studio Solution File, Format Version 12.00
# Visual Studio Version 17
VisualStudioVersion = 17.4.33122.133
MinimumVisualStudioVersion = 10.0.40219.1
Project("{FAE04EC0-301F-11D3-BF4B-00C04F79EFBC}") = "ButtonGrid", "ButtonGrid.csproj", "{06F479A9-3DA2-44DC-A68C-B433BAA23367}"
EndProject
Global
	GlobalSection(SolutionConfigurationPlatforms) = preSolution
		Debug|Any CPU = Debug|Any CPU
		Release|Any CPU = Release|Any CPU
	EndGlobalSection
	GlobalSection(ProjectConfigurationPlatforms) = postSolution
		{06F479A9-3DA2-44DC-A68C-B433BAA23367}.Debug|Any CPU.ActiveCfg = Debug|Any CPU
		{06F479A9-3DA2-44DC-A68C-B433BAA23367}.Debug|Any CPU.Build.0 = Debug|Any CPU
		{06F479A9-3DA2-44DC-A68C-B433BAA23367}.Release|Any CPU.ActiveCfg = Release|Any CPU
		{06F479A9-3DA2-44DC-A68C-B433BAA23367}.Release|Any CPU.Build.0 = Release|Any CPU
	EndGlobalSection
	GlobalSection(SolutionProperties) = preSolution
		HideSolutionNode = FALSE
	EndGlobalSection
	GlobalSection(ExtensibilityGlobals) = postSolution
		SolutionGuid = {96AFC2E8-A29A-4CBA-A30F-802045A543DA}
	EndGlobalSection
EndGlobal
