
Microsoft Visual Studio Solution File, Format Version 12.00
# Visual Studio Version 17
VisualStudioVersion = 17.4.33122.133
MinimumVisualStudioVersion = 10.0.40219.1
Project("{FAE04EC0-301F-11D3-BF4B-00C04F79EFBC}") = "Minesweeper-350", "Minesweeper-350.csproj", "{8758A990-4334-4A13-9599-0C4AFD739A80}"
EndProject
Global
	GlobalSection(SolutionConfigurationPlatforms) = preSolution
		Debug|Any CPU = Debug|Any CPU
		Release|Any CPU = Release|Any CPU
	EndGlobalSection
	GlobalSection(ProjectConfigurationPlatforms) = postSolution
		{8758A990-4334-4A13-9599-0C4AFD739A80}.Debug|Any CPU.ActiveCfg = Debug|Any CPU
		{8758A990-4334-4A13-9599-0C4AFD739A80}.Debug|Any CPU.Build.0 = Debug|Any CPU
		{8758A990-4334-4A13-9599-0C4AFD739A80}.Release|Any CPU.ActiveCfg = Release|Any CPU
		{8758A990-4334-4A13-9599-0C4AFD739A80}.Release|Any CPU.Build.0 = Release|Any CPU
	EndGlobalSection
	GlobalSection(SolutionProperties) = preSolution
		HideSolutionNode = FALSE
	EndGlobalSection
	GlobalSection(ExtensibilityGlobals) = postSolution
		SolutionGuid = {91DC4EF1-4BC8-4CA9-AAD1-FF1986B98329}
	EndGlobalSection
EndGlobal
